
Microsoft Visual Studio Solution File, Format Version 12.00
# Visual Studio Version 17
VisualStudioVersion = 17.8.34525.116
MinimumVisualStudioVersion = 10.0.40219.1
Project("{9A19103F-16F7-4668-BE54-9A1E7A4F7556}") = "LAB10Classes", "Laba10\LAB10Classes.csproj", "{F2AF25CB-ED96-41D1-B80F-BE25BFA60C08}"
EndProject
Project("{9A19103F-16F7-4668-BE54-9A1E7A4F7556}") = "Helpers", "Helpers\Helpers.csproj", "{42192C96-6C02-4E83-94F6-D841CC83BA7E}"
EndProject
Project("{FAE04EC0-301F-11D3-BF4B-00C04F79EFBC}") = "LAB10", "LAB10\LAB10.csproj", "{F7F922E8-B338-4837-99F3-CB9E387BB0E1}"
EndProject
Project("{FAE04EC0-301F-11D3-BF4B-00C04F79EFBC}") = "Lab9", "Lab9\Lab9.csproj", "{0C1ECDD0-2DE3-492E-ADC1-181D3F574A33}"
EndProject
Project("{FAE04EC0-301F-11D3-BF4B-00C04F79EFBC}") = "UnitTest", "UnitTest\UnitTest.csproj", "{F53789B3-64BE-4B67-8D3B-512BFBB10AF6}"
EndProject
Global
	GlobalSection(SolutionConfigurationPlatforms) = preSolution
		Debug|Any CPU = Debug|Any CPU
		Release|Any CPU = Release|Any CPU
	EndGlobalSection
	GlobalSection(ProjectConfigurationPlatforms) = postSolution
		{F2AF25CB-ED96-41D1-B80F-BE25BFA60C08}.Debug|Any CPU.ActiveCfg = Debug|Any CPU
		{F2AF25CB-ED96-41D1-B80F-BE25BFA60C08}.Debug|Any CPU.Build.0 = Debug|Any CPU
		{F2AF25CB-ED96-41D1-B80F-BE25BFA60C08}.Release|Any CPU.ActiveCfg = Release|Any CPU
		{F2AF25CB-ED96-41D1-B80F-BE25BFA60C08}.Release|Any CPU.Build.0 = Release|Any CPU
		{42192C96-6C02-4E83-94F6-D841CC83BA7E}.Debug|Any CPU.ActiveCfg = Debug|Any CPU
		{42192C96-6C02-4E83-94F6-D841CC83BA7E}.Debug|Any CPU.Build.0 = Debug|Any CPU
		{42192C96-6C02-4E83-94F6-D841CC83BA7E}.Release|Any CPU.ActiveCfg = Release|Any CPU
		{42192C96-6C02-4E83-94F6-D841CC83BA7E}.Release|Any CPU.Build.0 = Release|Any CPU
		{F7F922E8-B338-4837-99F3-CB9E387BB0E1}.Debug|Any CPU.ActiveCfg = Debug|Any CPU
		{F7F922E8-B338-4837-99F3-CB9E387BB0E1}.Debug|Any CPU.Build.0 = Debug|Any CPU
		{F7F922E8-B338-4837-99F3-CB9E387BB0E1}.Release|Any CPU.ActiveCfg = Release|Any CPU
		{F7F922E8-B338-4837-99F3-CB9E387BB0E1}.Release|Any CPU.Build.0 = Release|Any CPU
		{0C1ECDD0-2DE3-492E-ADC1-181D3F574A33}.Debug|Any CPU.ActiveCfg = Debug|Any CPU
		{0C1ECDD0-2DE3-492E-ADC1-181D3F574A33}.Debug|Any CPU.Build.0 = Debug|Any CPU
		{0C1ECDD0-2DE3-492E-ADC1-181D3F574A33}.Release|Any CPU.ActiveCfg = Release|Any CPU
		{0C1ECDD0-2DE3-492E-ADC1-181D3F574A33}.Release|Any CPU.Build.0 = Release|Any CPU
		{F53789B3-64BE-4B67-8D3B-512BFBB10AF6}.Debug|Any CPU.ActiveCfg = Debug|Any CPU
		{F53789B3-64BE-4B67-8D3B-512BFBB10AF6}.Debug|Any CPU.Build.0 = Debug|Any CPU
		{F53789B3-64BE-4B67-8D3B-512BFBB10AF6}.Release|Any CPU.ActiveCfg = Release|Any CPU
		{F53789B3-64BE-4B67-8D3B-512BFBB10AF6}.Release|Any CPU.Build.0 = Release|Any CPU
	EndGlobalSection
	GlobalSection(SolutionProperties) = preSolution
		HideSolutionNode = FALSE
	EndGlobalSection
	GlobalSection(ExtensibilityGlobals) = postSolution
		SolutionGuid = {C628302B-BA61-43BE-8896-69D5089C3740}
	EndGlobalSection
EndGlobal
